
Microsoft Visual Studio Solution File, Format Version 12.00
# Visual Studio Version 17
VisualStudioVersion = 17.6.33513.286
MinimumVisualStudioVersion = 10.0.40219.1
Project("{2150E333-8FDC-42A3-9474-1A3956D46DE8}") = "src", "src", "{261308D1-001E-468F-8236-5314023A5963}"
	ProjectSection(SolutionItems) = preProject
		src\Directory.Build.props = src\Directory.Build.props
	EndProjectSection
EndProject
Project("{2150E333-8FDC-42A3-9474-1A3956D46DE8}") = "Servers", "Servers", "{3849A464-DA83-4B75-9B1B-5942FF4DC723}"
	ProjectSection(SolutionItems) = preProject
		src\Servers\Directory.Build.props = src\Servers\Directory.Build.props
	EndProjectSection
EndProject
Project("{2150E333-8FDC-42A3-9474-1A3956D46DE8}") = "Deploy", "Deploy", "{BFCE8507-9620-4745-9C6E-89848F5F9235}"
EndProject
Project("{9A19103F-16F7-4668-BE54-9A1E7A4F7556}") = "Hexalith.AI.Deploy.AzureCloud", "src\Deploy\Hexalith.AI.Deploy.AzureCloud\Hexalith.AI.Deploy.AzureCloud.csproj", "{415B4323-B566-4025-95C5-92BD71D2B5D5}"
EndProject
Project("{2150E333-8FDC-42A3-9474-1A3956D46DE8}") = "Build", "Build", "{5CE8A75F-47EF-4A80-B878-38B596367ADE}"
EndProject
Project("{9A19103F-16F7-4668-BE54-9A1E7A4F7556}") = "Hexalith.AI.Build", "src\Build\Hexalith.AI.Build\Hexalith.AI.Build.csproj", "{1B359FEA-ACAA-462E-8260-0CF387B98707}"
EndProject
Project("{2150E333-8FDC-42A3-9474-1A3956D46DE8}") = "Common", "Common", "{83C18C37-B300-467C-8344-7A9395811855}"
	ProjectSection(SolutionItems) = preProject
		.gitignore = .gitignore
		CODE-OF-CONDUCT.md = CODE-OF-CONDUCT.md
		Directory.Build.props = Directory.Build.props
		LICENSE = LICENSE
		README.md = README.md
	EndProjectSection
EndProject
Project("{9A19103F-16F7-4668-BE54-9A1E7A4F7556}") = "Hexalith.AI.AzureBot", "src\Servers\Hexalith.AI.AzureBot\Hexalith.AI.AzureBot.csproj", "{2BBABD1A-45D5-4094-A8A6-1234F62061F1}"
EndProject
Project("{2150E333-8FDC-42A3-9474-1A3956D46DE8}") = "SemanticKernel", "SemanticKernel", "{6DA37D57-0307-4B25-BE96-73FA1EB044C9}"
EndProject
Project("{9A19103F-16F7-4668-BE54-9A1E7A4F7556}") = "Connectors.AI.HuggingFace", "..\SemanticKernel\dotnet\src\Connectors\Connectors.AI.HuggingFace\Connectors.AI.HuggingFace.csproj", "{00EA437B-82DD-4BD6-B473-4863C7C9DEA7}"
EndProject
Project("{9A19103F-16F7-4668-BE54-9A1E7A4F7556}") = "Connectors.AI.OpenAI", "..\SemanticKernel\dotnet\src\Connectors\Connectors.AI.OpenAI\Connectors.AI.OpenAI.csproj", "{66EE0680-F6C7-48FF-A22B-FEC1085345A5}"
EndProject
Project("{9A19103F-16F7-4668-BE54-9A1E7A4F7556}") = "Connectors.Memory.AzureCognitiveSearch", "..\SemanticKernel\dotnet\src\Connectors\Connectors.Memory.AzureCognitiveSearch\Connectors.Memory.AzureCognitiveSearch.csproj", "{8D41BF7D-8C42-41AE-A5FC-AC7E2CE7F9B5}"
EndProject
Project("{9A19103F-16F7-4668-BE54-9A1E7A4F7556}") = "Connectors.Memory.Chroma", "..\SemanticKernel\dotnet\src\Connectors\Connectors.Memory.Chroma\Connectors.Memory.Chroma.csproj", "{3C5FF751-E45F-453A-92CE-7B6B5B1FE820}"
EndProject
Project("{9A19103F-16F7-4668-BE54-9A1E7A4F7556}") = "Connectors.Memory.CosmosDB", "..\SemanticKernel\dotnet\src\Connectors\Connectors.Memory.CosmosDB\Connectors.Memory.CosmosDB.csproj", "{77AABF57-AB76-4316-8BAC-C5A4EDB259F3}"
EndProject
Project("{9A19103F-16F7-4668-BE54-9A1E7A4F7556}") = "Connectors.Memory.DuckDB", "..\SemanticKernel\dotnet\src\Connectors\Connectors.Memory.DuckDB\Connectors.Memory.DuckDB.csproj", "{5FFB70E5-4415-4BDA-8B38-13A640CFC587}"
EndProject
Project("{9A19103F-16F7-4668-BE54-9A1E7A4F7556}") = "Connectors.Memory.Pinecone", "..\SemanticKernel\dotnet\src\Connectors\Connectors.Memory.Pinecone\Connectors.Memory.Pinecone.csproj", "{EDF05C56-AF9D-48C7-9A5A-66B0BF5E07FE}"
EndProject
Project("{9A19103F-16F7-4668-BE54-9A1E7A4F7556}") = "Connectors.Memory.Postgres", "..\SemanticKernel\dotnet\src\Connectors\Connectors.Memory.Postgres\Connectors.Memory.Postgres.csproj", "{68299DAA-7568-4282-9A48-770FA5D2EF85}"
EndProject
Project("{9A19103F-16F7-4668-BE54-9A1E7A4F7556}") = "Connectors.Memory.Qdrant", "..\SemanticKernel\dotnet\src\Connectors\Connectors.Memory.Qdrant\Connectors.Memory.Qdrant.csproj", "{7EF6F723-CD3C-4528-8804-253BE9B50BB1}"
EndProject
Project("{9A19103F-16F7-4668-BE54-9A1E7A4F7556}") = "Connectors.Memory.Redis", "..\SemanticKernel\dotnet\src\Connectors\Connectors.Memory.Redis\Connectors.Memory.Redis.csproj", "{574C6D34-0600-41AC-B279-6607D558803D}"
EndProject
Project("{9A19103F-16F7-4668-BE54-9A1E7A4F7556}") = "Connectors.Memory.Sqlite", "..\SemanticKernel\dotnet\src\Connectors\Connectors.Memory.Sqlite\Connectors.Memory.Sqlite.csproj", "{42529756-A197-4B48-857D-DD6A885DDEC3}"
EndProject
Project("{9A19103F-16F7-4668-BE54-9A1E7A4F7556}") = "Connectors.Memory.Weaviate", "..\SemanticKernel\dotnet\src\Connectors\Connectors.Memory.Weaviate\Connectors.Memory.Weaviate.csproj", "{259628BC-6677-49C4-82AE-605D4223971D}"
EndProject
Project("{9A19103F-16F7-4668-BE54-9A1E7A4F7556}") = "Planning.ActionPlanner", "..\SemanticKernel\dotnet\src\Extensions\Planning.ActionPlanner\Planning.ActionPlanner.csproj", "{5AA470DD-BBAD-4207-A48C-54FA579B9F4D}"
EndProject
Project("{9A19103F-16F7-4668-BE54-9A1E7A4F7556}") = "Planning.SequentialPlanner", "..\SemanticKernel\dotnet\src\Extensions\Planning.SequentialPlanner\Planning.SequentialPlanner.csproj", "{8ED77219-1E74-4941-A6A2-9E86003FF0DD}"
EndProject
Project("{9A19103F-16F7-4668-BE54-9A1E7A4F7556}") = "Planning.StepwisePlanner", "..\SemanticKernel\dotnet\src\Extensions\Planning.StepwisePlanner\Planning.StepwisePlanner.csproj", "{8ADF0CF9-77A9-4882-B3C5-1D85A1F0D7B9}"
EndProject
Project("{9A19103F-16F7-4668-BE54-9A1E7A4F7556}") = "SemanticKernel", "..\SemanticKernel\dotnet\src\SemanticKernel\SemanticKernel.csproj", "{307C27CC-8CE2-4C59-BA96-57F283F4B37F}"
EndProject
Project("{9A19103F-16F7-4668-BE54-9A1E7A4F7556}") = "SemanticKernel.Abstractions", "..\SemanticKernel\dotnet\src\SemanticKernel.Abstractions\SemanticKernel.Abstractions.csproj", "{CD692761-C1E4-4FA0-9739-F9C9D9E6D771}"
EndProject
Project("{9A19103F-16F7-4668-BE54-9A1E7A4F7556}") = "SemanticKernel.MetaPackage", "..\SemanticKernel\dotnet\src\SemanticKernel.MetaPackage\SemanticKernel.MetaPackage.csproj", "{6FAE9016-341B-4269-9099-AFC77736707D}"
EndProject
Project("{9A19103F-16F7-4668-BE54-9A1E7A4F7556}") = "Skills.Core", "..\SemanticKernel\dotnet\src\Skills\Skills.Core\Skills.Core.csproj", "{A3594A17-798D-4F02-B509-6281CA7B5F27}"
EndProject
Project("{9A19103F-16F7-4668-BE54-9A1E7A4F7556}") = "Skills.Document", "..\SemanticKernel\dotnet\src\Skills\Skills.Document\Skills.Document.csproj", "{32449AF2-42F0-4D28-9D0F-D18C97097ADE}"
EndProject
Project("{9A19103F-16F7-4668-BE54-9A1E7A4F7556}") = "Skills.Grpc", "..\SemanticKernel\dotnet\src\Skills\Skills.Grpc\Skills.Grpc.csproj", "{7CDFFE22-8B63-4A53-A698-793C88900FBC}"
EndProject
Project("{9A19103F-16F7-4668-BE54-9A1E7A4F7556}") = "Skills.MsGraph", "..\SemanticKernel\dotnet\src\Skills\Skills.MsGraph\Skills.MsGraph.csproj", "{A97CB2F7-908A-4C03-A8F9-2CC804AB829A}"
EndProject
Project("{9A19103F-16F7-4668-BE54-9A1E7A4F7556}") = "Skills.OpenAPI", "..\SemanticKernel\dotnet\src\Skills\Skills.OpenAPI\Skills.OpenAPI.csproj", "{6C5D72BA-573D-473E-A479-02D95B0F5262}"
EndProject
Project("{9A19103F-16F7-4668-BE54-9A1E7A4F7556}") = "Skills.Web", "..\SemanticKernel\dotnet\src\Skills\Skills.Web\Skills.Web.csproj", "{8942CA75-564A-4969-89CC-B77E8D89D6C3}"
EndProject
Project("{2150E333-8FDC-42A3-9474-1A3956D46DE8}") = "Hexalith", "Hexalith", "{7500374B-4CF8-4F91-821F-05D1307A588F}"
EndProject
Project("{9A19103F-16F7-4668-BE54-9A1E7A4F7556}") = "Hexalith.Infrastructure.WebApis", "Hexalith\src\Core\Infrastructure\Hexalith.Infrastructure.WebApis\Hexalith.Infrastructure.WebApis.csproj", "{48D3E1C8-4553-4531-9AF9-F2D158D8F53E}"
EndProject
Project("{2150E333-8FDC-42A3-9474-1A3956D46DE8}") = "Infrastructure", "Infrastructure", "{E285B505-8C1C-4FB7-94C8-4E3B88C03BD4}"
EndProject
Project("{2150E333-8FDC-42A3-9474-1A3956D46DE8}") = "Domain", "Domain", "{7D3313B3-8628-4113-AC5A-2A8110838ADF}"
EndProject
Project("{2150E333-8FDC-42A3-9474-1A3956D46DE8}") = "Application", "Application", "{608A4D72-4CE4-4AFE-8C1C-AC25C2ED521A}"
EndProject
Project("{9A19103F-16F7-4668-BE54-9A1E7A4F7556}") = "Hexalith.Infrastructure.Security.Abstractions", "Hexalith\src\Core\Infrastructure\Hexalith.Infrastructure.Security.Abstractions\Hexalith.Infrastructure.Security.Abstractions.csproj", "{2E6E00A8-0E6E-491E-93F3-3ED658E57F21}"
EndProject
Project("{9A19103F-16F7-4668-BE54-9A1E7A4F7556}") = "Hexalith.Infrastructure.DaprRuntime", "Hexalith\src\Core\Infrastructure\Hexalith.Infrastructure.DaprRuntime\Hexalith.Infrastructure.DaprRuntime.csproj", "{6A26906A-CD5C-4635-8EBF-55C4353868B1}"
EndProject
Project("{9A19103F-16F7-4668-BE54-9A1E7A4F7556}") = "Hexalith.Infrastructure.Serialization", "Hexalith\src\Core\Infrastructure\Hexalith.Infrastructure.Serialization\Hexalith.Infrastructure.Serialization.csproj", "{D558F559-AC7B-43B8-B20F-77B3A255C498}"
EndProject
Project("{9A19103F-16F7-4668-BE54-9A1E7A4F7556}") = "Hexalith.Application", "Hexalith\src\Core\Application\Hexalith.Application\Hexalith.Application.csproj", "{BBA20BB3-3139-49EF-A4C8-118E65F10355}"
EndProject
Project("{9A19103F-16F7-4668-BE54-9A1E7A4F7556}") = "Hexalith.Application.Abstractions", "Hexalith\src\Core\Application\Hexalith.Application.Abstractions\Hexalith.Application.Abstractions.csproj", "{21A2F799-E362-42FE-B078-ED4FE93D5103}"
EndProject
Project("{9A19103F-16F7-4668-BE54-9A1E7A4F7556}") = "Hexalith.Domain.Abstractions", "Hexalith\src\Core\Domain\Hexalith.Domain.Abstractions\Hexalith.Domain.Abstractions.csproj", "{27B42C6E-F554-4338-8568-A00DBCC02668}"
EndProject
Project("{9A19103F-16F7-4668-BE54-9A1E7A4F7556}") = "Hexalith.Domain.ConversationThreads", "Hexalith\src\Core\Domain\Hexalith.Domain.ConversationThreads\Hexalith.Domain.ConversationThreads.csproj", "{E4A0472A-1C62-4CDA-8FE3-BF6C3946A67E}"
EndProject
Project("{9A19103F-16F7-4668-BE54-9A1E7A4F7556}") = "Hexalith.Domain.UserConversationProfiles", "Hexalith\src\Core\Domain\Hexalith.Domain.UserConversations\Hexalith.Domain.UserConversationProfiles.csproj", "{0C9A6632-C047-43AF-B638-1995AD9F6F56}"
EndProject
Project("{9A19103F-16F7-4668-BE54-9A1E7A4F7556}") = "Hexalith.Application.ConversationThreads", "Hexalith\src\Core\Application\Hexalith.Application.ConversationThreads\Hexalith.Application.ConversationThreads.csproj", "{A973B2D5-F02F-4A80-8375-A2A95C1B028B}"
EndProject
Project("{9A19103F-16F7-4668-BE54-9A1E7A4F7556}") = "Hexalith.Application.TopologicalSorting", "Hexalith\src\Core\Application\Hexalith.Application.TopologicalSorting\Hexalith.Application.TopologicalSorting.csproj", "{016B8B29-86FB-425C-84B8-736E2819B807}"
EndProject
Project("{2150E333-8FDC-42A3-9474-1A3956D46DE8}") = "Common", "Common", "{D2D7E2F0-40F8-45DA-B238-AD6D9B3D8BC0}"
EndProject
Project("{9A19103F-16F7-4668-BE54-9A1E7A4F7556}") = "Hexalith.Extensions", "Hexalith\src\Core\Common\Hexalith.Extensions\Hexalith.Extensions.csproj", "{D1588BBD-683A-46EE-8F07-02B656E979A3}"
EndProject
Project("{9A19103F-16F7-4668-BE54-9A1E7A4F7556}") = "Hexalith.TestMocks", "Hexalith\src\Core\Common\Hexalith.TestMocks\Hexalith.TestMocks.csproj", "{B44EC6DB-F0B6-4C03-A108-CB418A7FB7EB}"
EndProject
Global
	GlobalSection(SolutionConfigurationPlatforms) = preSolution
		Debug|Any CPU = Debug|Any CPU
		Publish|Any CPU = Publish|Any CPU
		Release|Any CPU = Release|Any CPU
	EndGlobalSection
	GlobalSection(ProjectConfigurationPlatforms) = postSolution
		{415B4323-B566-4025-95C5-92BD71D2B5D5}.Debug|Any CPU.ActiveCfg = Debug|Any CPU
		{415B4323-B566-4025-95C5-92BD71D2B5D5}.Debug|Any CPU.Build.0 = Debug|Any CPU
		{415B4323-B566-4025-95C5-92BD71D2B5D5}.Publish|Any CPU.ActiveCfg = Release|Any CPU
		{415B4323-B566-4025-95C5-92BD71D2B5D5}.Publish|Any CPU.Build.0 = Release|Any CPU
		{415B4323-B566-4025-95C5-92BD71D2B5D5}.Release|Any CPU.ActiveCfg = Release|Any CPU
		{415B4323-B566-4025-95C5-92BD71D2B5D5}.Release|Any CPU.Build.0 = Release|Any CPU
		{1B359FEA-ACAA-462E-8260-0CF387B98707}.Debug|Any CPU.ActiveCfg = Debug|Any CPU
		{1B359FEA-ACAA-462E-8260-0CF387B98707}.Debug|Any CPU.Build.0 = Debug|Any CPU
		{1B359FEA-ACAA-462E-8260-0CF387B98707}.Publish|Any CPU.ActiveCfg = Release|Any CPU
		{1B359FEA-ACAA-462E-8260-0CF387B98707}.Publish|Any CPU.Build.0 = Release|Any CPU
		{1B359FEA-ACAA-462E-8260-0CF387B98707}.Release|Any CPU.ActiveCfg = Release|Any CPU
		{1B359FEA-ACAA-462E-8260-0CF387B98707}.Release|Any CPU.Build.0 = Release|Any CPU
		{2BBABD1A-45D5-4094-A8A6-1234F62061F1}.Debug|Any CPU.ActiveCfg = Debug|Any CPU
		{2BBABD1A-45D5-4094-A8A6-1234F62061F1}.Debug|Any CPU.Build.0 = Debug|Any CPU
		{2BBABD1A-45D5-4094-A8A6-1234F62061F1}.Debug|Any CPU.Deploy.0 = Debug|Any CPU
		{2BBABD1A-45D5-4094-A8A6-1234F62061F1}.Publish|Any CPU.ActiveCfg = Release|Any CPU
		{2BBABD1A-45D5-4094-A8A6-1234F62061F1}.Publish|Any CPU.Build.0 = Release|Any CPU
		{2BBABD1A-45D5-4094-A8A6-1234F62061F1}.Release|Any CPU.ActiveCfg = Release|Any CPU
		{2BBABD1A-45D5-4094-A8A6-1234F62061F1}.Release|Any CPU.Build.0 = Release|Any CPU
		{2BBABD1A-45D5-4094-A8A6-1234F62061F1}.Release|Any CPU.Deploy.0 = Release|Any CPU
		{00EA437B-82DD-4BD6-B473-4863C7C9DEA7}.Debug|Any CPU.ActiveCfg = Debug|Any CPU
		{00EA437B-82DD-4BD6-B473-4863C7C9DEA7}.Debug|Any CPU.Build.0 = Debug|Any CPU
		{00EA437B-82DD-4BD6-B473-4863C7C9DEA7}.Publish|Any CPU.ActiveCfg = Publish|Any CPU
		{00EA437B-82DD-4BD6-B473-4863C7C9DEA7}.Publish|Any CPU.Build.0 = Publish|Any CPU
		{00EA437B-82DD-4BD6-B473-4863C7C9DEA7}.Release|Any CPU.ActiveCfg = Release|Any CPU
		{00EA437B-82DD-4BD6-B473-4863C7C9DEA7}.Release|Any CPU.Build.0 = Release|Any CPU
		{66EE0680-F6C7-48FF-A22B-FEC1085345A5}.Debug|Any CPU.ActiveCfg = Debug|Any CPU
		{66EE0680-F6C7-48FF-A22B-FEC1085345A5}.Debug|Any CPU.Build.0 = Debug|Any CPU
		{66EE0680-F6C7-48FF-A22B-FEC1085345A5}.Publish|Any CPU.ActiveCfg = Publish|Any CPU
		{66EE0680-F6C7-48FF-A22B-FEC1085345A5}.Publish|Any CPU.Build.0 = Publish|Any CPU
		{66EE0680-F6C7-48FF-A22B-FEC1085345A5}.Release|Any CPU.ActiveCfg = Release|Any CPU
		{66EE0680-F6C7-48FF-A22B-FEC1085345A5}.Release|Any CPU.Build.0 = Release|Any CPU
		{8D41BF7D-8C42-41AE-A5FC-AC7E2CE7F9B5}.Debug|Any CPU.ActiveCfg = Debug|Any CPU
		{8D41BF7D-8C42-41AE-A5FC-AC7E2CE7F9B5}.Debug|Any CPU.Build.0 = Debug|Any CPU
		{8D41BF7D-8C42-41AE-A5FC-AC7E2CE7F9B5}.Publish|Any CPU.ActiveCfg = Publish|Any CPU
		{8D41BF7D-8C42-41AE-A5FC-AC7E2CE7F9B5}.Publish|Any CPU.Build.0 = Publish|Any CPU
		{8D41BF7D-8C42-41AE-A5FC-AC7E2CE7F9B5}.Release|Any CPU.ActiveCfg = Release|Any CPU
		{8D41BF7D-8C42-41AE-A5FC-AC7E2CE7F9B5}.Release|Any CPU.Build.0 = Release|Any CPU
		{3C5FF751-E45F-453A-92CE-7B6B5B1FE820}.Debug|Any CPU.ActiveCfg = Debug|Any CPU
		{3C5FF751-E45F-453A-92CE-7B6B5B1FE820}.Debug|Any CPU.Build.0 = Debug|Any CPU
		{3C5FF751-E45F-453A-92CE-7B6B5B1FE820}.Publish|Any CPU.ActiveCfg = Publish|Any CPU
		{3C5FF751-E45F-453A-92CE-7B6B5B1FE820}.Publish|Any CPU.Build.0 = Publish|Any CPU
		{3C5FF751-E45F-453A-92CE-7B6B5B1FE820}.Release|Any CPU.ActiveCfg = Release|Any CPU
		{3C5FF751-E45F-453A-92CE-7B6B5B1FE820}.Release|Any CPU.Build.0 = Release|Any CPU
		{77AABF57-AB76-4316-8BAC-C5A4EDB259F3}.Debug|Any CPU.ActiveCfg = Debug|Any CPU
		{77AABF57-AB76-4316-8BAC-C5A4EDB259F3}.Debug|Any CPU.Build.0 = Debug|Any CPU
		{77AABF57-AB76-4316-8BAC-C5A4EDB259F3}.Publish|Any CPU.ActiveCfg = Debug|Any CPU
		{77AABF57-AB76-4316-8BAC-C5A4EDB259F3}.Publish|Any CPU.Build.0 = Debug|Any CPU
		{77AABF57-AB76-4316-8BAC-C5A4EDB259F3}.Release|Any CPU.ActiveCfg = Release|Any CPU
		{77AABF57-AB76-4316-8BAC-C5A4EDB259F3}.Release|Any CPU.Build.0 = Release|Any CPU
		{5FFB70E5-4415-4BDA-8B38-13A640CFC587}.Debug|Any CPU.ActiveCfg = Debug|Any CPU
		{5FFB70E5-4415-4BDA-8B38-13A640CFC587}.Debug|Any CPU.Build.0 = Debug|Any CPU
		{5FFB70E5-4415-4BDA-8B38-13A640CFC587}.Publish|Any CPU.ActiveCfg = Publish|Any CPU
		{5FFB70E5-4415-4BDA-8B38-13A640CFC587}.Publish|Any CPU.Build.0 = Publish|Any CPU
		{5FFB70E5-4415-4BDA-8B38-13A640CFC587}.Release|Any CPU.ActiveCfg = Release|Any CPU
		{5FFB70E5-4415-4BDA-8B38-13A640CFC587}.Release|Any CPU.Build.0 = Release|Any CPU
		{EDF05C56-AF9D-48C7-9A5A-66B0BF5E07FE}.Debug|Any CPU.ActiveCfg = Debug|Any CPU
		{EDF05C56-AF9D-48C7-9A5A-66B0BF5E07FE}.Debug|Any CPU.Build.0 = Debug|Any CPU
		{EDF05C56-AF9D-48C7-9A5A-66B0BF5E07FE}.Publish|Any CPU.ActiveCfg = Publish|Any CPU
		{EDF05C56-AF9D-48C7-9A5A-66B0BF5E07FE}.Publish|Any CPU.Build.0 = Publish|Any CPU
		{EDF05C56-AF9D-48C7-9A5A-66B0BF5E07FE}.Release|Any CPU.ActiveCfg = Release|Any CPU
		{EDF05C56-AF9D-48C7-9A5A-66B0BF5E07FE}.Release|Any CPU.Build.0 = Release|Any CPU
		{68299DAA-7568-4282-9A48-770FA5D2EF85}.Debug|Any CPU.ActiveCfg = Debug|Any CPU
		{68299DAA-7568-4282-9A48-770FA5D2EF85}.Debug|Any CPU.Build.0 = Debug|Any CPU
		{68299DAA-7568-4282-9A48-770FA5D2EF85}.Publish|Any CPU.ActiveCfg = Publish|Any CPU
		{68299DAA-7568-4282-9A48-770FA5D2EF85}.Publish|Any CPU.Build.0 = Publish|Any CPU
		{68299DAA-7568-4282-9A48-770FA5D2EF85}.Release|Any CPU.ActiveCfg = Release|Any CPU
		{68299DAA-7568-4282-9A48-770FA5D2EF85}.Release|Any CPU.Build.0 = Release|Any CPU
		{7EF6F723-CD3C-4528-8804-253BE9B50BB1}.Debug|Any CPU.ActiveCfg = Debug|Any CPU
		{7EF6F723-CD3C-4528-8804-253BE9B50BB1}.Debug|Any CPU.Build.0 = Debug|Any CPU
		{7EF6F723-CD3C-4528-8804-253BE9B50BB1}.Publish|Any CPU.ActiveCfg = Publish|Any CPU
		{7EF6F723-CD3C-4528-8804-253BE9B50BB1}.Publish|Any CPU.Build.0 = Publish|Any CPU
		{7EF6F723-CD3C-4528-8804-253BE9B50BB1}.Release|Any CPU.ActiveCfg = Release|Any CPU
		{7EF6F723-CD3C-4528-8804-253BE9B50BB1}.Release|Any CPU.Build.0 = Release|Any CPU
		{574C6D34-0600-41AC-B279-6607D558803D}.Debug|Any CPU.ActiveCfg = Debug|Any CPU
		{574C6D34-0600-41AC-B279-6607D558803D}.Debug|Any CPU.Build.0 = Debug|Any CPU
		{574C6D34-0600-41AC-B279-6607D558803D}.Publish|Any CPU.ActiveCfg = Publish|Any CPU
		{574C6D34-0600-41AC-B279-6607D558803D}.Publish|Any CPU.Build.0 = Publish|Any CPU
		{574C6D34-0600-41AC-B279-6607D558803D}.Release|Any CPU.ActiveCfg = Release|Any CPU
		{574C6D34-0600-41AC-B279-6607D558803D}.Release|Any CPU.Build.0 = Release|Any CPU
		{42529756-A197-4B48-857D-DD6A885DDEC3}.Debug|Any CPU.ActiveCfg = Debug|Any CPU
		{42529756-A197-4B48-857D-DD6A885DDEC3}.Debug|Any CPU.Build.0 = Debug|Any CPU
		{42529756-A197-4B48-857D-DD6A885DDEC3}.Publish|Any CPU.ActiveCfg = Publish|Any CPU
		{42529756-A197-4B48-857D-DD6A885DDEC3}.Publish|Any CPU.Build.0 = Publish|Any CPU
		{42529756-A197-4B48-857D-DD6A885DDEC3}.Release|Any CPU.ActiveCfg = Release|Any CPU
		{42529756-A197-4B48-857D-DD6A885DDEC3}.Release|Any CPU.Build.0 = Release|Any CPU
		{259628BC-6677-49C4-82AE-605D4223971D}.Debug|Any CPU.ActiveCfg = Debug|Any CPU
		{259628BC-6677-49C4-82AE-605D4223971D}.Debug|Any CPU.Build.0 = Debug|Any CPU
		{259628BC-6677-49C4-82AE-605D4223971D}.Publish|Any CPU.ActiveCfg = Publish|Any CPU
		{259628BC-6677-49C4-82AE-605D4223971D}.Publish|Any CPU.Build.0 = Publish|Any CPU
		{259628BC-6677-49C4-82AE-605D4223971D}.Release|Any CPU.ActiveCfg = Release|Any CPU
		{259628BC-6677-49C4-82AE-605D4223971D}.Release|Any CPU.Build.0 = Release|Any CPU
		{5AA470DD-BBAD-4207-A48C-54FA579B9F4D}.Debug|Any CPU.ActiveCfg = Debug|Any CPU
		{5AA470DD-BBAD-4207-A48C-54FA579B9F4D}.Debug|Any CPU.Build.0 = Debug|Any CPU
		{5AA470DD-BBAD-4207-A48C-54FA579B9F4D}.Publish|Any CPU.ActiveCfg = Publish|Any CPU
		{5AA470DD-BBAD-4207-A48C-54FA579B9F4D}.Publish|Any CPU.Build.0 = Publish|Any CPU
		{5AA470DD-BBAD-4207-A48C-54FA579B9F4D}.Release|Any CPU.ActiveCfg = Release|Any CPU
		{5AA470DD-BBAD-4207-A48C-54FA579B9F4D}.Release|Any CPU.Build.0 = Release|Any CPU
		{8ED77219-1E74-4941-A6A2-9E86003FF0DD}.Debug|Any CPU.ActiveCfg = Debug|Any CPU
		{8ED77219-1E74-4941-A6A2-9E86003FF0DD}.Debug|Any CPU.Build.0 = Debug|Any CPU
		{8ED77219-1E74-4941-A6A2-9E86003FF0DD}.Publish|Any CPU.ActiveCfg = Publish|Any CPU
		{8ED77219-1E74-4941-A6A2-9E86003FF0DD}.Publish|Any CPU.Build.0 = Publish|Any CPU
		{8ED77219-1E74-4941-A6A2-9E86003FF0DD}.Release|Any CPU.ActiveCfg = Release|Any CPU
		{8ED77219-1E74-4941-A6A2-9E86003FF0DD}.Release|Any CPU.Build.0 = Release|Any CPU
		{8ADF0CF9-77A9-4882-B3C5-1D85A1F0D7B9}.Debug|Any CPU.ActiveCfg = Debug|Any CPU
		{8ADF0CF9-77A9-4882-B3C5-1D85A1F0D7B9}.Debug|Any CPU.Build.0 = Debug|Any CPU
		{8ADF0CF9-77A9-4882-B3C5-1D85A1F0D7B9}.Publish|Any CPU.ActiveCfg = Publish|Any CPU
		{8ADF0CF9-77A9-4882-B3C5-1D85A1F0D7B9}.Publish|Any CPU.Build.0 = Publish|Any CPU
		{8ADF0CF9-77A9-4882-B3C5-1D85A1F0D7B9}.Release|Any CPU.ActiveCfg = Release|Any CPU
		{8ADF0CF9-77A9-4882-B3C5-1D85A1F0D7B9}.Release|Any CPU.Build.0 = Release|Any CPU
		{307C27CC-8CE2-4C59-BA96-57F283F4B37F}.Debug|Any CPU.ActiveCfg = Debug|Any CPU
		{307C27CC-8CE2-4C59-BA96-57F283F4B37F}.Debug|Any CPU.Build.0 = Debug|Any CPU
		{307C27CC-8CE2-4C59-BA96-57F283F4B37F}.Publish|Any CPU.ActiveCfg = Publish|Any CPU
		{307C27CC-8CE2-4C59-BA96-57F283F4B37F}.Publish|Any CPU.Build.0 = Publish|Any CPU
		{307C27CC-8CE2-4C59-BA96-57F283F4B37F}.Release|Any CPU.ActiveCfg = Release|Any CPU
		{307C27CC-8CE2-4C59-BA96-57F283F4B37F}.Release|Any CPU.Build.0 = Release|Any CPU
		{CD692761-C1E4-4FA0-9739-F9C9D9E6D771}.Debug|Any CPU.ActiveCfg = Debug|Any CPU
		{CD692761-C1E4-4FA0-9739-F9C9D9E6D771}.Debug|Any CPU.Build.0 = Debug|Any CPU
		{CD692761-C1E4-4FA0-9739-F9C9D9E6D771}.Publish|Any CPU.ActiveCfg = Publish|Any CPU
		{CD692761-C1E4-4FA0-9739-F9C9D9E6D771}.Publish|Any CPU.Build.0 = Publish|Any CPU
		{CD692761-C1E4-4FA0-9739-F9C9D9E6D771}.Release|Any CPU.ActiveCfg = Release|Any CPU
		{CD692761-C1E4-4FA0-9739-F9C9D9E6D771}.Release|Any CPU.Build.0 = Release|Any CPU
		{6FAE9016-341B-4269-9099-AFC77736707D}.Debug|Any CPU.ActiveCfg = Debug|Any CPU
		{6FAE9016-341B-4269-9099-AFC77736707D}.Debug|Any CPU.Build.0 = Debug|Any CPU
		{6FAE9016-341B-4269-9099-AFC77736707D}.Publish|Any CPU.ActiveCfg = Publish|Any CPU
		{6FAE9016-341B-4269-9099-AFC77736707D}.Publish|Any CPU.Build.0 = Publish|Any CPU
		{6FAE9016-341B-4269-9099-AFC77736707D}.Release|Any CPU.ActiveCfg = Release|Any CPU
		{6FAE9016-341B-4269-9099-AFC77736707D}.Release|Any CPU.Build.0 = Release|Any CPU
		{A3594A17-798D-4F02-B509-6281CA7B5F27}.Debug|Any CPU.ActiveCfg = Debug|Any CPU
		{A3594A17-798D-4F02-B509-6281CA7B5F27}.Debug|Any CPU.Build.0 = Debug|Any CPU
		{A3594A17-798D-4F02-B509-6281CA7B5F27}.Publish|Any CPU.ActiveCfg = Publish|Any CPU
		{A3594A17-798D-4F02-B509-6281CA7B5F27}.Publish|Any CPU.Build.0 = Publish|Any CPU
		{A3594A17-798D-4F02-B509-6281CA7B5F27}.Release|Any CPU.ActiveCfg = Release|Any CPU
		{A3594A17-798D-4F02-B509-6281CA7B5F27}.Release|Any CPU.Build.0 = Release|Any CPU
		{32449AF2-42F0-4D28-9D0F-D18C97097ADE}.Debug|Any CPU.ActiveCfg = Debug|Any CPU
		{32449AF2-42F0-4D28-9D0F-D18C97097ADE}.Debug|Any CPU.Build.0 = Debug|Any CPU
		{32449AF2-42F0-4D28-9D0F-D18C97097ADE}.Publish|Any CPU.ActiveCfg = Publish|Any CPU
		{32449AF2-42F0-4D28-9D0F-D18C97097ADE}.Publish|Any CPU.Build.0 = Publish|Any CPU
		{32449AF2-42F0-4D28-9D0F-D18C97097ADE}.Release|Any CPU.ActiveCfg = Release|Any CPU
		{32449AF2-42F0-4D28-9D0F-D18C97097ADE}.Release|Any CPU.Build.0 = Release|Any CPU
		{7CDFFE22-8B63-4A53-A698-793C88900FBC}.Debug|Any CPU.ActiveCfg = Debug|Any CPU
		{7CDFFE22-8B63-4A53-A698-793C88900FBC}.Debug|Any CPU.Build.0 = Debug|Any CPU
		{7CDFFE22-8B63-4A53-A698-793C88900FBC}.Publish|Any CPU.ActiveCfg = Publish|Any CPU
		{7CDFFE22-8B63-4A53-A698-793C88900FBC}.Publish|Any CPU.Build.0 = Publish|Any CPU
		{7CDFFE22-8B63-4A53-A698-793C88900FBC}.Release|Any CPU.ActiveCfg = Release|Any CPU
		{7CDFFE22-8B63-4A53-A698-793C88900FBC}.Release|Any CPU.Build.0 = Release|Any CPU
		{A97CB2F7-908A-4C03-A8F9-2CC804AB829A}.Debug|Any CPU.ActiveCfg = Debug|Any CPU
		{A97CB2F7-908A-4C03-A8F9-2CC804AB829A}.Debug|Any CPU.Build.0 = Debug|Any CPU
		{A97CB2F7-908A-4C03-A8F9-2CC804AB829A}.Publish|Any CPU.ActiveCfg = Publish|Any CPU
		{A97CB2F7-908A-4C03-A8F9-2CC804AB829A}.Publish|Any CPU.Build.0 = Publish|Any CPU
		{A97CB2F7-908A-4C03-A8F9-2CC804AB829A}.Release|Any CPU.ActiveCfg = Release|Any CPU
		{A97CB2F7-908A-4C03-A8F9-2CC804AB829A}.Release|Any CPU.Build.0 = Release|Any CPU
		{6C5D72BA-573D-473E-A479-02D95B0F5262}.Debug|Any CPU.ActiveCfg = Debug|Any CPU
		{6C5D72BA-573D-473E-A479-02D95B0F5262}.Debug|Any CPU.Build.0 = Debug|Any CPU
		{6C5D72BA-573D-473E-A479-02D95B0F5262}.Publish|Any CPU.ActiveCfg = Publish|Any CPU
		{6C5D72BA-573D-473E-A479-02D95B0F5262}.Publish|Any CPU.Build.0 = Publish|Any CPU
		{6C5D72BA-573D-473E-A479-02D95B0F5262}.Release|Any CPU.ActiveCfg = Release|Any CPU
		{6C5D72BA-573D-473E-A479-02D95B0F5262}.Release|Any CPU.Build.0 = Release|Any CPU
		{8942CA75-564A-4969-89CC-B77E8D89D6C3}.Debug|Any CPU.ActiveCfg = Debug|Any CPU
		{8942CA75-564A-4969-89CC-B77E8D89D6C3}.Debug|Any CPU.Build.0 = Debug|Any CPU
		{8942CA75-564A-4969-89CC-B77E8D89D6C3}.Publish|Any CPU.ActiveCfg = Publish|Any CPU
		{8942CA75-564A-4969-89CC-B77E8D89D6C3}.Publish|Any CPU.Build.0 = Publish|Any CPU
		{8942CA75-564A-4969-89CC-B77E8D89D6C3}.Release|Any CPU.ActiveCfg = Release|Any CPU
		{8942CA75-564A-4969-89CC-B77E8D89D6C3}.Release|Any CPU.Build.0 = Release|Any CPU
		{48D3E1C8-4553-4531-9AF9-F2D158D8F53E}.Debug|Any CPU.ActiveCfg = Debug|Any CPU
		{48D3E1C8-4553-4531-9AF9-F2D158D8F53E}.Debug|Any CPU.Build.0 = Debug|Any CPU
		{48D3E1C8-4553-4531-9AF9-F2D158D8F53E}.Publish|Any CPU.ActiveCfg = Debug|Any CPU
		{48D3E1C8-4553-4531-9AF9-F2D158D8F53E}.Publish|Any CPU.Build.0 = Debug|Any CPU
		{48D3E1C8-4553-4531-9AF9-F2D158D8F53E}.Release|Any CPU.ActiveCfg = Release|Any CPU
		{48D3E1C8-4553-4531-9AF9-F2D158D8F53E}.Release|Any CPU.Build.0 = Release|Any CPU
		{2E6E00A8-0E6E-491E-93F3-3ED658E57F21}.Debug|Any CPU.ActiveCfg = Debug|Any CPU
		{2E6E00A8-0E6E-491E-93F3-3ED658E57F21}.Debug|Any CPU.Build.0 = Debug|Any CPU
		{2E6E00A8-0E6E-491E-93F3-3ED658E57F21}.Publish|Any CPU.ActiveCfg = Debug|Any CPU
		{2E6E00A8-0E6E-491E-93F3-3ED658E57F21}.Publish|Any CPU.Build.0 = Debug|Any CPU
		{2E6E00A8-0E6E-491E-93F3-3ED658E57F21}.Release|Any CPU.ActiveCfg = Release|Any CPU
		{2E6E00A8-0E6E-491E-93F3-3ED658E57F21}.Release|Any CPU.Build.0 = Release|Any CPU
		{6A26906A-CD5C-4635-8EBF-55C4353868B1}.Debug|Any CPU.ActiveCfg = Debug|Any CPU
		{6A26906A-CD5C-4635-8EBF-55C4353868B1}.Debug|Any CPU.Build.0 = Debug|Any CPU
		{6A26906A-CD5C-4635-8EBF-55C4353868B1}.Publish|Any CPU.ActiveCfg = Debug|Any CPU
		{6A26906A-CD5C-4635-8EBF-55C4353868B1}.Publish|Any CPU.Build.0 = Debug|Any CPU
		{6A26906A-CD5C-4635-8EBF-55C4353868B1}.Release|Any CPU.ActiveCfg = Release|Any CPU
		{6A26906A-CD5C-4635-8EBF-55C4353868B1}.Release|Any CPU.Build.0 = Release|Any CPU
		{D558F559-AC7B-43B8-B20F-77B3A255C498}.Debug|Any CPU.ActiveCfg = Debug|Any CPU
		{D558F559-AC7B-43B8-B20F-77B3A255C498}.Debug|Any CPU.Build.0 = Debug|Any CPU
		{D558F559-AC7B-43B8-B20F-77B3A255C498}.Publish|Any CPU.ActiveCfg = Debug|Any CPU
		{D558F559-AC7B-43B8-B20F-77B3A255C498}.Publish|Any CPU.Build.0 = Debug|Any CPU
		{D558F559-AC7B-43B8-B20F-77B3A255C498}.Release|Any CPU.ActiveCfg = Release|Any CPU
		{D558F559-AC7B-43B8-B20F-77B3A255C498}.Release|Any CPU.Build.0 = Release|Any CPU
		{BBA20BB3-3139-49EF-A4C8-118E65F10355}.Debug|Any CPU.ActiveCfg = Debug|Any CPU
		{BBA20BB3-3139-49EF-A4C8-118E65F10355}.Debug|Any CPU.Build.0 = Debug|Any CPU
		{BBA20BB3-3139-49EF-A4C8-118E65F10355}.Publish|Any CPU.ActiveCfg = Debug|Any CPU
		{BBA20BB3-3139-49EF-A4C8-118E65F10355}.Publish|Any CPU.Build.0 = Debug|Any CPU
		{BBA20BB3-3139-49EF-A4C8-118E65F10355}.Release|Any CPU.ActiveCfg = Release|Any CPU
		{BBA20BB3-3139-49EF-A4C8-118E65F10355}.Release|Any CPU.Build.0 = Release|Any CPU
		{21A2F799-E362-42FE-B078-ED4FE93D5103}.Debug|Any CPU.ActiveCfg = Debug|Any CPU
		{21A2F799-E362-42FE-B078-ED4FE93D5103}.Debug|Any CPU.Build.0 = Debug|Any CPU
		{21A2F799-E362-42FE-B078-ED4FE93D5103}.Publish|Any CPU.ActiveCfg = Debug|Any CPU
		{21A2F799-E362-42FE-B078-ED4FE93D5103}.Publish|Any CPU.Build.0 = Debug|Any CPU
		{21A2F799-E362-42FE-B078-ED4FE93D5103}.Release|Any CPU.ActiveCfg = Release|Any CPU
		{21A2F799-E362-42FE-B078-ED4FE93D5103}.Release|Any CPU.Build.0 = Release|Any CPU
		{27B42C6E-F554-4338-8568-A00DBCC02668}.Debug|Any CPU.ActiveCfg = Debug|Any CPU
		{27B42C6E-F554-4338-8568-A00DBCC02668}.Debug|Any CPU.Build.0 = Debug|Any CPU
		{27B42C6E-F554-4338-8568-A00DBCC02668}.Publish|Any CPU.ActiveCfg = Debug|Any CPU
		{27B42C6E-F554-4338-8568-A00DBCC02668}.Publish|Any CPU.Build.0 = Debug|Any CPU
		{27B42C6E-F554-4338-8568-A00DBCC02668}.Release|Any CPU.ActiveCfg = Release|Any CPU
		{27B42C6E-F554-4338-8568-A00DBCC02668}.Release|Any CPU.Build.0 = Release|Any CPU
		{E4A0472A-1C62-4CDA-8FE3-BF6C3946A67E}.Debug|Any CPU.ActiveCfg = Debug|Any CPU
		{E4A0472A-1C62-4CDA-8FE3-BF6C3946A67E}.Debug|Any CPU.Build.0 = Debug|Any CPU
		{E4A0472A-1C62-4CDA-8FE3-BF6C3946A67E}.Publish|Any CPU.ActiveCfg = Debug|Any CPU
		{E4A0472A-1C62-4CDA-8FE3-BF6C3946A67E}.Publish|Any CPU.Build.0 = Debug|Any CPU
		{E4A0472A-1C62-4CDA-8FE3-BF6C3946A67E}.Release|Any CPU.ActiveCfg = Release|Any CPU
		{E4A0472A-1C62-4CDA-8FE3-BF6C3946A67E}.Release|Any CPU.Build.0 = Release|Any CPU
		{0C9A6632-C047-43AF-B638-1995AD9F6F56}.Debug|Any CPU.ActiveCfg = Debug|Any CPU
		{0C9A6632-C047-43AF-B638-1995AD9F6F56}.Debug|Any CPU.Build.0 = Debug|Any CPU
		{0C9A6632-C047-43AF-B638-1995AD9F6F56}.Publish|Any CPU.ActiveCfg = Debug|Any CPU
		{0C9A6632-C047-43AF-B638-1995AD9F6F56}.Publish|Any CPU.Build.0 = Debug|Any CPU
		{0C9A6632-C047-43AF-B638-1995AD9F6F56}.Release|Any CPU.ActiveCfg = Release|Any CPU
		{0C9A6632-C047-43AF-B638-1995AD9F6F56}.Release|Any CPU.Build.0 = Release|Any CPU
		{A973B2D5-F02F-4A80-8375-A2A95C1B028B}.Debug|Any CPU.ActiveCfg = Debug|Any CPU
		{A973B2D5-F02F-4A80-8375-A2A95C1B028B}.Debug|Any CPU.Build.0 = Debug|Any CPU
		{A973B2D5-F02F-4A80-8375-A2A95C1B028B}.Publish|Any CPU.ActiveCfg = Debug|Any CPU
		{A973B2D5-F02F-4A80-8375-A2A95C1B028B}.Publish|Any CPU.Build.0 = Debug|Any CPU
		{A973B2D5-F02F-4A80-8375-A2A95C1B028B}.Release|Any CPU.ActiveCfg = Release|Any CPU
		{A973B2D5-F02F-4A80-8375-A2A95C1B028B}.Release|Any CPU.Build.0 = Release|Any CPU
		{016B8B29-86FB-425C-84B8-736E2819B807}.Debug|Any CPU.ActiveCfg = Debug|Any CPU
		{016B8B29-86FB-425C-84B8-736E2819B807}.Debug|Any CPU.Build.0 = Debug|Any CPU
		{016B8B29-86FB-425C-84B8-736E2819B807}.Publish|Any CPU.ActiveCfg = Debug|Any CPU
		{016B8B29-86FB-425C-84B8-736E2819B807}.Publish|Any CPU.Build.0 = Debug|Any CPU
		{016B8B29-86FB-425C-84B8-736E2819B807}.Release|Any CPU.ActiveCfg = Release|Any CPU
		{016B8B29-86FB-425C-84B8-736E2819B807}.Release|Any CPU.Build.0 = Release|Any CPU
		{D1588BBD-683A-46EE-8F07-02B656E979A3}.Debug|Any CPU.ActiveCfg = Debug|Any CPU
		{D1588BBD-683A-46EE-8F07-02B656E979A3}.Debug|Any CPU.Build.0 = Debug|Any CPU
		{D1588BBD-683A-46EE-8F07-02B656E979A3}.Publish|Any CPU.ActiveCfg = Debug|Any CPU
		{D1588BBD-683A-46EE-8F07-02B656E979A3}.Publish|Any CPU.Build.0 = Debug|Any CPU
		{D1588BBD-683A-46EE-8F07-02B656E979A3}.Release|Any CPU.ActiveCfg = Release|Any CPU
		{D1588BBD-683A-46EE-8F07-02B656E979A3}.Release|Any CPU.Build.0 = Release|Any CPU
		{B44EC6DB-F0B6-4C03-A108-CB418A7FB7EB}.Debug|Any CPU.ActiveCfg = Debug|Any CPU
		{B44EC6DB-F0B6-4C03-A108-CB418A7FB7EB}.Debug|Any CPU.Build.0 = Debug|Any CPU
		{B44EC6DB-F0B6-4C03-A108-CB418A7FB7EB}.Publish|Any CPU.ActiveCfg = Debug|Any CPU
		{B44EC6DB-F0B6-4C03-A108-CB418A7FB7EB}.Publish|Any CPU.Build.0 = Debug|Any CPU
		{B44EC6DB-F0B6-4C03-A108-CB418A7FB7EB}.Release|Any CPU.ActiveCfg = Release|Any CPU
		{B44EC6DB-F0B6-4C03-A108-CB418A7FB7EB}.Release|Any CPU.Build.0 = Release|Any CPU
	EndGlobalSection
	GlobalSection(SolutionProperties) = preSolution
		HideSolutionNode = FALSE
	EndGlobalSection
	GlobalSection(NestedProjects) = preSolution
		{3849A464-DA83-4B75-9B1B-5942FF4DC723} = {261308D1-001E-468F-8236-5314023A5963}
		{BFCE8507-9620-4745-9C6E-89848F5F9235} = {261308D1-001E-468F-8236-5314023A5963}
		{415B4323-B566-4025-95C5-92BD71D2B5D5} = {BFCE8507-9620-4745-9C6E-89848F5F9235}
		{5CE8A75F-47EF-4A80-B878-38B596367ADE} = {261308D1-001E-468F-8236-5314023A5963}
		{1B359FEA-ACAA-462E-8260-0CF387B98707} = {5CE8A75F-47EF-4A80-B878-38B596367ADE}
		{2BBABD1A-45D5-4094-A8A6-1234F62061F1} = {3849A464-DA83-4B75-9B1B-5942FF4DC723}
		{00EA437B-82DD-4BD6-B473-4863C7C9DEA7} = {6DA37D57-0307-4B25-BE96-73FA1EB044C9}
		{66EE0680-F6C7-48FF-A22B-FEC1085345A5} = {6DA37D57-0307-4B25-BE96-73FA1EB044C9}
		{8D41BF7D-8C42-41AE-A5FC-AC7E2CE7F9B5} = {6DA37D57-0307-4B25-BE96-73FA1EB044C9}
		{3C5FF751-E45F-453A-92CE-7B6B5B1FE820} = {6DA37D57-0307-4B25-BE96-73FA1EB044C9}
		{77AABF57-AB76-4316-8BAC-C5A4EDB259F3} = {6DA37D57-0307-4B25-BE96-73FA1EB044C9}
		{5FFB70E5-4415-4BDA-8B38-13A640CFC587} = {6DA37D57-0307-4B25-BE96-73FA1EB044C9}
		{EDF05C56-AF9D-48C7-9A5A-66B0BF5E07FE} = {6DA37D57-0307-4B25-BE96-73FA1EB044C9}
		{68299DAA-7568-4282-9A48-770FA5D2EF85} = {6DA37D57-0307-4B25-BE96-73FA1EB044C9}
		{7EF6F723-CD3C-4528-8804-253BE9B50BB1} = {6DA37D57-0307-4B25-BE96-73FA1EB044C9}
		{574C6D34-0600-41AC-B279-6607D558803D} = {6DA37D57-0307-4B25-BE96-73FA1EB044C9}
		{42529756-A197-4B48-857D-DD6A885DDEC3} = {6DA37D57-0307-4B25-BE96-73FA1EB044C9}
		{259628BC-6677-49C4-82AE-605D4223971D} = {6DA37D57-0307-4B25-BE96-73FA1EB044C9}
		{5AA470DD-BBAD-4207-A48C-54FA579B9F4D} = {6DA37D57-0307-4B25-BE96-73FA1EB044C9}
		{8ED77219-1E74-4941-A6A2-9E86003FF0DD} = {6DA37D57-0307-4B25-BE96-73FA1EB044C9}
		{8ADF0CF9-77A9-4882-B3C5-1D85A1F0D7B9} = {6DA37D57-0307-4B25-BE96-73FA1EB044C9}
		{307C27CC-8CE2-4C59-BA96-57F283F4B37F} = {6DA37D57-0307-4B25-BE96-73FA1EB044C9}
		{CD692761-C1E4-4FA0-9739-F9C9D9E6D771} = {6DA37D57-0307-4B25-BE96-73FA1EB044C9}
		{6FAE9016-341B-4269-9099-AFC77736707D} = {6DA37D57-0307-4B25-BE96-73FA1EB044C9}
		{A3594A17-798D-4F02-B509-6281CA7B5F27} = {6DA37D57-0307-4B25-BE96-73FA1EB044C9}
		{32449AF2-42F0-4D28-9D0F-D18C97097ADE} = {6DA37D57-0307-4B25-BE96-73FA1EB044C9}
		{7CDFFE22-8B63-4A53-A698-793C88900FBC} = {6DA37D57-0307-4B25-BE96-73FA1EB044C9}
		{A97CB2F7-908A-4C03-A8F9-2CC804AB829A} = {6DA37D57-0307-4B25-BE96-73FA1EB044C9}
		{6C5D72BA-573D-473E-A479-02D95B0F5262} = {6DA37D57-0307-4B25-BE96-73FA1EB044C9}
		{8942CA75-564A-4969-89CC-B77E8D89D6C3} = {6DA37D57-0307-4B25-BE96-73FA1EB044C9}
		{48D3E1C8-4553-4531-9AF9-F2D158D8F53E} = {E285B505-8C1C-4FB7-94C8-4E3B88C03BD4}
		{E285B505-8C1C-4FB7-94C8-4E3B88C03BD4} = {7500374B-4CF8-4F91-821F-05D1307A588F}
		{7D3313B3-8628-4113-AC5A-2A8110838ADF} = {7500374B-4CF8-4F91-821F-05D1307A588F}
		{608A4D72-4CE4-4AFE-8C1C-AC25C2ED521A} = {7500374B-4CF8-4F91-821F-05D1307A588F}
		{2E6E00A8-0E6E-491E-93F3-3ED658E57F21} = {E285B505-8C1C-4FB7-94C8-4E3B88C03BD4}
		{6A26906A-CD5C-4635-8EBF-55C4353868B1} = {E285B505-8C1C-4FB7-94C8-4E3B88C03BD4}
		{D558F559-AC7B-43B8-B20F-77B3A255C498} = {E285B505-8C1C-4FB7-94C8-4E3B88C03BD4}
		{BBA20BB3-3139-49EF-A4C8-118E65F10355} = {608A4D72-4CE4-4AFE-8C1C-AC25C2ED521A}
		{21A2F799-E362-42FE-B078-ED4FE93D5103} = {608A4D72-4CE4-4AFE-8C1C-AC25C2ED521A}
		{27B42C6E-F554-4338-8568-A00DBCC02668} = {7D3313B3-8628-4113-AC5A-2A8110838ADF}
		{E4A0472A-1C62-4CDA-8FE3-BF6C3946A67E} = {7D3313B3-8628-4113-AC5A-2A8110838ADF}
		{0C9A6632-C047-43AF-B638-1995AD9F6F56} = {7D3313B3-8628-4113-AC5A-2A8110838ADF}
		{A973B2D5-F02F-4A80-8375-A2A95C1B028B} = {608A4D72-4CE4-4AFE-8C1C-AC25C2ED521A}
		{016B8B29-86FB-425C-84B8-736E2819B807} = {608A4D72-4CE4-4AFE-8C1C-AC25C2ED521A}
		{D2D7E2F0-40F8-45DA-B238-AD6D9B3D8BC0} = {7500374B-4CF8-4F91-821F-05D1307A588F}
		{D1588BBD-683A-46EE-8F07-02B656E979A3} = {D2D7E2F0-40F8-45DA-B238-AD6D9B3D8BC0}
		{B44EC6DB-F0B6-4C03-A108-CB418A7FB7EB} = {D2D7E2F0-40F8-45DA-B238-AD6D9B3D8BC0}
	EndGlobalSection
	GlobalSection(ExtensibilityGlobals) = postSolution
		SolutionGuid = {ABEA410D-B847-42F5-8A50-BF9F5E609B60}
	EndGlobalSection
EndGlobal
