
Microsoft Visual Studio Solution File, Format Version 12.00
# Visual Studio Version 17
VisualStudioVersion = 17.6.33513.286
MinimumVisualStudioVersion = 10.0.40219.1
Project("{2150E333-8FDC-42A3-9474-1A3956D46DE8}") = "src", "src", "{261308D1-001E-468F-8236-5314023A5963}"
	ProjectSection(SolutionItems) = preProject
		src\Directory.Build.props = src\Directory.Build.props
	EndProjectSection
EndProject
Project("{2150E333-8FDC-42A3-9474-1A3956D46DE8}") = "Servers", "Servers", "{3849A464-DA83-4B75-9B1B-5942FF4DC723}"
	ProjectSection(SolutionItems) = preProject
		src\Servers\Directory.Build.props = src\Servers\Directory.Build.props
	EndProjectSection
EndProject
Project("{2150E333-8FDC-42A3-9474-1A3956D46DE8}") = "Deploy", "Deploy", "{BFCE8507-9620-4745-9C6E-89848F5F9235}"
EndProject
Project("{9A19103F-16F7-4668-BE54-9A1E7A4F7556}") = "Hexalith.AI.Deploy.AzureCloud", "src\Deploy\Hexalith.AI.Deploy.AzureCloud\Hexalith.AI.Deploy.AzureCloud.csproj", "{415B4323-B566-4025-95C5-92BD71D2B5D5}"
EndProject
Project("{2150E333-8FDC-42A3-9474-1A3956D46DE8}") = "Build", "Build", "{5CE8A75F-47EF-4A80-B878-38B596367ADE}"
EndProject
Project("{9A19103F-16F7-4668-BE54-9A1E7A4F7556}") = "Hexalith.AI.Build", "src\Build\Hexalith.AI.Build\Hexalith.AI.Build.csproj", "{1B359FEA-ACAA-462E-8260-0CF387B98707}"
EndProject
Project("{2150E333-8FDC-42A3-9474-1A3956D46DE8}") = "Common", "Common", "{83C18C37-B300-467C-8344-7A9395811855}"
	ProjectSection(SolutionItems) = preProject
		.gitignore = .gitignore
		CODE-OF-CONDUCT.md = CODE-OF-CONDUCT.md
		Directory.Build.props = Directory.Build.props
		LICENSE = LICENSE
		README.md = README.md
	EndProjectSection
EndProject
Project("{9A19103F-16F7-4668-BE54-9A1E7A4F7556}") = "Hexalith.AI.AzureBot", "src\Servers\Hexalith.AI.AzureBot\Hexalith.AI.AzureBot.csproj", "{2BBABD1A-45D5-4094-A8A6-1234F62061F1}"
EndProject
Global
	GlobalSection(SolutionConfigurationPlatforms) = preSolution
		Debug|Any CPU = Debug|Any CPU
		Release|Any CPU = Release|Any CPU
	EndGlobalSection
	GlobalSection(ProjectConfigurationPlatforms) = postSolution
		{415B4323-B566-4025-95C5-92BD71D2B5D5}.Debug|Any CPU.ActiveCfg = Debug|Any CPU
		{415B4323-B566-4025-95C5-92BD71D2B5D5}.Debug|Any CPU.Build.0 = Debug|Any CPU
		{415B4323-B566-4025-95C5-92BD71D2B5D5}.Release|Any CPU.ActiveCfg = Release|Any CPU
		{415B4323-B566-4025-95C5-92BD71D2B5D5}.Release|Any CPU.Build.0 = Release|Any CPU
		{1B359FEA-ACAA-462E-8260-0CF387B98707}.Debug|Any CPU.ActiveCfg = Debug|Any CPU
		{1B359FEA-ACAA-462E-8260-0CF387B98707}.Debug|Any CPU.Build.0 = Debug|Any CPU
		{1B359FEA-ACAA-462E-8260-0CF387B98707}.Release|Any CPU.ActiveCfg = Release|Any CPU
		{1B359FEA-ACAA-462E-8260-0CF387B98707}.Release|Any CPU.Build.0 = Release|Any CPU
		{2BBABD1A-45D5-4094-A8A6-1234F62061F1}.Debug|Any CPU.ActiveCfg = Debug|Any CPU
		{2BBABD1A-45D5-4094-A8A6-1234F62061F1}.Debug|Any CPU.Build.0 = Debug|Any CPU
		{2BBABD1A-45D5-4094-A8A6-1234F62061F1}.Debug|Any CPU.Deploy.0 = Debug|Any CPU
		{2BBABD1A-45D5-4094-A8A6-1234F62061F1}.Release|Any CPU.ActiveCfg = Release|Any CPU
		{2BBABD1A-45D5-4094-A8A6-1234F62061F1}.Release|Any CPU.Build.0 = Release|Any CPU
		{2BBABD1A-45D5-4094-A8A6-1234F62061F1}.Release|Any CPU.Deploy.0 = Release|Any CPU
	EndGlobalSection
	GlobalSection(SolutionProperties) = preSolution
		HideSolutionNode = FALSE
	EndGlobalSection
	GlobalSection(NestedProjects) = preSolution
		{3849A464-DA83-4B75-9B1B-5942FF4DC723} = {261308D1-001E-468F-8236-5314023A5963}
		{BFCE8507-9620-4745-9C6E-89848F5F9235} = {261308D1-001E-468F-8236-5314023A5963}
		{415B4323-B566-4025-95C5-92BD71D2B5D5} = {BFCE8507-9620-4745-9C6E-89848F5F9235}
		{5CE8A75F-47EF-4A80-B878-38B596367ADE} = {261308D1-001E-468F-8236-5314023A5963}
		{1B359FEA-ACAA-462E-8260-0CF387B98707} = {5CE8A75F-47EF-4A80-B878-38B596367ADE}
		{2BBABD1A-45D5-4094-A8A6-1234F62061F1} = {3849A464-DA83-4B75-9B1B-5942FF4DC723}
	EndGlobalSection
	GlobalSection(ExtensibilityGlobals) = postSolution
		SolutionGuid = {ABEA410D-B847-42F5-8A50-BF9F5E609B60}
	EndGlobalSection
EndGlobal
